PODS:
  - AFNetworking (3.2.1):
    - AFNetworking/NSURLSession (= 3.2.1)
    - AFNetworking/Reachability (= 3.2.1)
    - AFNetworking/Security (= 3.2.1)
    - AFNetworking/Serialization (= 3.2.1)
    - AFNetworking/UIKit (= 3.2.1)
  - AFNetworking/NSURLSession (3.2.1):
    - AFNetworking/Reachability
    - AFNetworking/Security
    - AFNetworking/Serialization
  - AFNetworking/Reachability (3.2.1)
  - AFNetworking/Security (3.2.1)
  - AFNetworking/Serialization (3.2.1)
  - AFNetworking/UIKit (3.2.1):
    - AFNetworking/NSURLSession
  - ClusterPrePermissions (0.8.1)
  - DACircularProgress (2.3.1)
  - Mantle (2.1.0):
    - Mantle/extobjc (= 2.1.0)
  - Mantle/extobjc (2.1.0)
  - Masonry (1.1.0)
  - MBProgressHUD (1.1.0)
  - SDWebImage (4.4.2):
    - SDWebImage/Core (= 4.4.2)
  - SDWebImage/Core (4.4.2)
  - TZImagePickerController (3.1.5)
  - YunBaseApp (0.0.44):
    - AFNetworking
    - Mantle
    - Masonry
    - MBProgressHUD
    - YunKits
  - YunImageBrowser (0.0.3):
    - DACircularProgress
    - MBProgressHUD
    - SDWebImage
  - YunKits (0.0.50):
    - AFNetworking
    - Masonry
    - SDWebImage
  - YunPmsHelper (0.0.2):
    - ClusterPrePermissions

DEPENDENCIES:
  - Mantle
  - Masonry
  - TZImagePickerController
  - YunBaseApp
  - YunImageBrowser
  - YunKits
  - YunPmsHelper

SPEC REPOS:
  https://github.com/cocoapods/specs.git:
    - AFNetworking
    - ClusterPrePermissions
    - DACircularProgress
    - Mantle
    - Masonry
    - MBProgressHUD
    - SDWebImage
    - TZImagePickerController
    - YunBaseApp
    - YunImageBrowser
    - YunKits
    - YunPmsHelper

SPEC CHECKSUMS:
  AFNetworking: b6f891fdfaed196b46c7a83cf209e09697b94057
  ClusterPrePermissions: 168c127a658e423062550dd9c56fe26042a58bce
  DACircularProgress: 4dd437c0fc3da5161cb289e07ac449493d41db71
  Mantle: 2fa750afa478cd625a94230fbf1c13462f29395b
  Masonry: 678fab65091a9290e40e2832a55e7ab731aad201
  MBProgressHUD: e7baa36a220447d8aeb12769bf0585582f3866d9
  SDWebImage: 624d6e296c69b244bcede364c72ae0430ac14681
  TZImagePickerController: 6cc6e9c1a73bb8e62cfef98fd40af2d90634dcf5
  YunBaseApp: e496a16ec0d0fdd293e3a49cdc0068b557c91886
  YunImageBrowser: 8ab18d95a853cc82f9833aee1d85ea2609feb46b
  YunKits: 38b650bef9c78ecb320312b3639a7d0b1a716719
  YunPmsHelper: da8b5882c0927751e8a2c29a501ac16ae5b15757

PODFILE CHECKSUM: a7bf2a43972d38ccad421a750ea83566cdbe4f2b

COCOAPODS: 1.6.0.beta.2
